
Microsoft Visual Studio Solution File, Format Version 12.00
# Visual Studio 15
VisualStudioVersion = 15.0.27428.2037
MinimumVisualStudioVersion = 10.0.40219.1
Project("{FAE04EC0-301F-11D3-BF4B-00C04F79EFBC}") = "观察者模式1", "设计模式练习\观察者模式1.csproj", "{2BF62CE7-7910-4812-993D-0039E4F31FE7}"
EndProject
Project("{FAE04EC0-301F-11D3-BF4B-00C04F79EFBC}") = "观察者模式2", "观察者模式2\观察者模式2.csproj", "{664A8B87-61A5-4572-BC23-46F0E977F13E}"
EndProject
Project("{FAE04EC0-301F-11D3-BF4B-00C04F79EFBC}") = "观察者模式3事件委托", "观察者模式3事件委托\观察者模式3事件委托.csproj", "{0A7CAD08-D244-4303-960C-A642A56D728B}"
EndProject
Global
	GlobalSection(SolutionConfigurationPlatforms) = preSolution
		Debug|Any CPU = Debug|Any CPU
		Release|Any CPU = Release|Any CPU
	EndGlobalSection
	GlobalSection(ProjectConfigurationPlatforms) = postSolution
		{2BF62CE7-7910-4812-993D-0039E4F31FE7}.Debug|Any CPU.ActiveCfg = Debug|Any CPU
		{2BF62CE7-7910-4812-993D-0039E4F31FE7}.Debug|Any CPU.Build.0 = Debug|Any CPU
		{2BF62CE7-7910-4812-993D-0039E4F31FE7}.Release|Any CPU.ActiveCfg = Release|Any CPU
		{2BF62CE7-7910-4812-993D-0039E4F31FE7}.Release|Any CPU.Build.0 = Release|Any CPU
		{664A8B87-61A5-4572-BC23-46F0E977F13E}.Debug|Any CPU.ActiveCfg = Debug|Any CPU
		{664A8B87-61A5-4572-BC23-46F0E977F13E}.Debug|Any CPU.Build.0 = Debug|Any CPU
		{664A8B87-61A5-4572-BC23-46F0E977F13E}.Release|Any CPU.ActiveCfg = Release|Any CPU
		{664A8B87-61A5-4572-BC23-46F0E977F13E}.Release|Any CPU.Build.0 = Release|Any CPU
		{0A7CAD08-D244-4303-960C-A642A56D728B}.Debug|Any CPU.ActiveCfg = Debug|Any CPU
		{0A7CAD08-D244-4303-960C-A642A56D728B}.Debug|Any CPU.Build.0 = Debug|Any CPU
		{0A7CAD08-D244-4303-960C-A642A56D728B}.Release|Any CPU.ActiveCfg = Release|Any CPU
		{0A7CAD08-D244-4303-960C-A642A56D728B}.Release|Any CPU.Build.0 = Release|Any CPU
	EndGlobalSection
	GlobalSection(SolutionProperties) = preSolution
		HideSolutionNode = FALSE
	EndGlobalSection
	GlobalSection(ExtensibilityGlobals) = postSolution
		SolutionGuid = {560C1921-43FF-4CC6-BF5F-9B127624A16A}
	EndGlobalSection
EndGlobal
