
Microsoft Visual Studio Solution File, Format Version 12.00
# Visual Studio 15
VisualStudioVersion = 15.0.27428.2037
MinimumVisualStudioVersion = 10.0.40219.1
Project("{FAE04EC0-301F-11D3-BF4B-00C04F79EFBC}") = "观察者模式1", "设计模式练习\观察者模式1.csproj", "{2BF62CE7-7910-4812-993D-0039E4F31FE7}"
EndProject
Project("{FAE04EC0-301F-11D3-BF4B-00C04F79EFBC}") = "观察者模式2", "观察者模式2\观察者模式2.csproj", "{664A8B87-61A5-4572-BC23-46F0E977F13E}"
EndProject
Project("{FAE04EC0-301F-11D3-BF4B-00C04F79EFBC}") = "观察者模式3事件委托", "观察者模式3事件委托\观察者模式3事件委托.csproj", "{0A7CAD08-D244-4303-960C-A642A56D728B}"
EndProject
Project("{FAE04EC0-301F-11D3-BF4B-00C04F79EFBC}") = "备忘录模式1", "备忘录模式1\备忘录模式1.csproj", "{5108F7CB-29ED-42A0-9C6A-C3BF27D198F6}"
EndProject
Project("{FAE04EC0-301F-11D3-BF4B-00C04F79EFBC}") = "备忘录模式2", "备忘录模式2\备忘录模式2.csproj", "{97AC9B9A-367A-44F8-8A7E-E317A9B220C4}"
EndProject
Project("{FAE04EC0-301F-11D3-BF4B-00C04F79EFBC}") = "责任链模式", "责任链模式\责任链模式.csproj", "{F9FBA2A3-D9F1-4B6E-9FEA-34942D2175CC}"
EndProject
Project("{FAE04EC0-301F-11D3-BF4B-00C04F79EFBC}") = "访问者模式1", "访问者模式1\访问者模式1.csproj", "{700C90C1-0471-4579-8B2B-F5D9B7450BF0}"
EndProject
Project("{FAE04EC0-301F-11D3-BF4B-00C04F79EFBC}") = "中介者模式1", "中介者模式1\中介者模式1.csproj", "{698EF62C-0985-4610-BD54-4F5D461BAA27}"
EndProject
Project("{FAE04EC0-301F-11D3-BF4B-00C04F79EFBC}") = "中介者模式2", "中介者模式2\中介者模式2.csproj", "{53C3AFD5-C59C-4E14-99AD-CC3237599EAB}"
EndProject
Project("{FAE04EC0-301F-11D3-BF4B-00C04F79EFBC}") = "状态者模式1", "状态者模式1\状态者模式1.csproj", "{80C29871-4DC9-4071-8FD5-84F3B6620806}"
EndProject
Project("{FAE04EC0-301F-11D3-BF4B-00C04F79EFBC}") = "策略者模式1", "策略者模式1\策略者模式1.csproj", "{A60D8FE2-5EB5-4FBC-A5F1-E706D5BDC85B}"
EndProject
Project("{FAE04EC0-301F-11D3-BF4B-00C04F79EFBC}") = "装饰器模式1", "装饰器模式1\装饰器模式1.csproj", "{A500A0A4-7DF7-438E-A148-3F646BE04479}"
EndProject
Global
	GlobalSection(SolutionConfigurationPlatforms) = preSolution
		Debug|Any CPU = Debug|Any CPU
		Release|Any CPU = Release|Any CPU
	EndGlobalSection
	GlobalSection(ProjectConfigurationPlatforms) = postSolution
		{2BF62CE7-7910-4812-993D-0039E4F31FE7}.Debug|Any CPU.ActiveCfg = Debug|Any CPU
		{2BF62CE7-7910-4812-993D-0039E4F31FE7}.Debug|Any CPU.Build.0 = Debug|Any CPU
		{2BF62CE7-7910-4812-993D-0039E4F31FE7}.Release|Any CPU.ActiveCfg = Release|Any CPU
		{2BF62CE7-7910-4812-993D-0039E4F31FE7}.Release|Any CPU.Build.0 = Release|Any CPU
		{664A8B87-61A5-4572-BC23-46F0E977F13E}.Debug|Any CPU.ActiveCfg = Debug|Any CPU
		{664A8B87-61A5-4572-BC23-46F0E977F13E}.Debug|Any CPU.Build.0 = Debug|Any CPU
		{664A8B87-61A5-4572-BC23-46F0E977F13E}.Release|Any CPU.ActiveCfg = Release|Any CPU
		{664A8B87-61A5-4572-BC23-46F0E977F13E}.Release|Any CPU.Build.0 = Release|Any CPU
		{0A7CAD08-D244-4303-960C-A642A56D728B}.Debug|Any CPU.ActiveCfg = Debug|Any CPU
		{0A7CAD08-D244-4303-960C-A642A56D728B}.Debug|Any CPU.Build.0 = Debug|Any CPU
		{0A7CAD08-D244-4303-960C-A642A56D728B}.Release|Any CPU.ActiveCfg = Release|Any CPU
		{0A7CAD08-D244-4303-960C-A642A56D728B}.Release|Any CPU.Build.0 = Release|Any CPU
		{5108F7CB-29ED-42A0-9C6A-C3BF27D198F6}.Debug|Any CPU.ActiveCfg = Debug|Any CPU
		{5108F7CB-29ED-42A0-9C6A-C3BF27D198F6}.Debug|Any CPU.Build.0 = Debug|Any CPU
		{5108F7CB-29ED-42A0-9C6A-C3BF27D198F6}.Release|Any CPU.ActiveCfg = Release|Any CPU
		{5108F7CB-29ED-42A0-9C6A-C3BF27D198F6}.Release|Any CPU.Build.0 = Release|Any CPU
		{97AC9B9A-367A-44F8-8A7E-E317A9B220C4}.Debug|Any CPU.ActiveCfg = Debug|Any CPU
		{97AC9B9A-367A-44F8-8A7E-E317A9B220C4}.Debug|Any CPU.Build.0 = Debug|Any CPU
		{97AC9B9A-367A-44F8-8A7E-E317A9B220C4}.Release|Any CPU.ActiveCfg = Release|Any CPU
		{97AC9B9A-367A-44F8-8A7E-E317A9B220C4}.Release|Any CPU.Build.0 = Release|Any CPU
		{F9FBA2A3-D9F1-4B6E-9FEA-34942D2175CC}.Debug|Any CPU.ActiveCfg = Debug|Any CPU
		{F9FBA2A3-D9F1-4B6E-9FEA-34942D2175CC}.Debug|Any CPU.Build.0 = Debug|Any CPU
		{F9FBA2A3-D9F1-4B6E-9FEA-34942D2175CC}.Release|Any CPU.ActiveCfg = Release|Any CPU
		{F9FBA2A3-D9F1-4B6E-9FEA-34942D2175CC}.Release|Any CPU.Build.0 = Release|Any CPU
		{700C90C1-0471-4579-8B2B-F5D9B7450BF0}.Debug|Any CPU.ActiveCfg = Debug|Any CPU
		{700C90C1-0471-4579-8B2B-F5D9B7450BF0}.Debug|Any CPU.Build.0 = Debug|Any CPU
		{700C90C1-0471-4579-8B2B-F5D9B7450BF0}.Release|Any CPU.ActiveCfg = Release|Any CPU
		{700C90C1-0471-4579-8B2B-F5D9B7450BF0}.Release|Any CPU.Build.0 = Release|Any CPU
		{698EF62C-0985-4610-BD54-4F5D461BAA27}.Debug|Any CPU.ActiveCfg = Debug|Any CPU
		{698EF62C-0985-4610-BD54-4F5D461BAA27}.Debug|Any CPU.Build.0 = Debug|Any CPU
		{698EF62C-0985-4610-BD54-4F5D461BAA27}.Release|Any CPU.ActiveCfg = Release|Any CPU
		{698EF62C-0985-4610-BD54-4F5D461BAA27}.Release|Any CPU.Build.0 = Release|Any CPU
		{53C3AFD5-C59C-4E14-99AD-CC3237599EAB}.Debug|Any CPU.ActiveCfg = Debug|Any CPU
		{53C3AFD5-C59C-4E14-99AD-CC3237599EAB}.Debug|Any CPU.Build.0 = Debug|Any CPU
		{53C3AFD5-C59C-4E14-99AD-CC3237599EAB}.Release|Any CPU.ActiveCfg = Release|Any CPU
		{53C3AFD5-C59C-4E14-99AD-CC3237599EAB}.Release|Any CPU.Build.0 = Release|Any CPU
		{80C29871-4DC9-4071-8FD5-84F3B6620806}.Debug|Any CPU.ActiveCfg = Debug|Any CPU
		{80C29871-4DC9-4071-8FD5-84F3B6620806}.Debug|Any CPU.Build.0 = Debug|Any CPU
		{80C29871-4DC9-4071-8FD5-84F3B6620806}.Release|Any CPU.ActiveCfg = Release|Any CPU
		{80C29871-4DC9-4071-8FD5-84F3B6620806}.Release|Any CPU.Build.0 = Release|Any CPU
		{A60D8FE2-5EB5-4FBC-A5F1-E706D5BDC85B}.Debug|Any CPU.ActiveCfg = Debug|Any CPU
		{A60D8FE2-5EB5-4FBC-A5F1-E706D5BDC85B}.Debug|Any CPU.Build.0 = Debug|Any CPU
		{A60D8FE2-5EB5-4FBC-A5F1-E706D5BDC85B}.Release|Any CPU.ActiveCfg = Release|Any CPU
		{A60D8FE2-5EB5-4FBC-A5F1-E706D5BDC85B}.Release|Any CPU.Build.0 = Release|Any CPU
		{A500A0A4-7DF7-438E-A148-3F646BE04479}.Debug|Any CPU.ActiveCfg = Debug|Any CPU
		{A500A0A4-7DF7-438E-A148-3F646BE04479}.Debug|Any CPU.Build.0 = Debug|Any CPU
		{A500A0A4-7DF7-438E-A148-3F646BE04479}.Release|Any CPU.ActiveCfg = Release|Any CPU
		{A500A0A4-7DF7-438E-A148-3F646BE04479}.Release|Any CPU.Build.0 = Release|Any CPU
	EndGlobalSection
	GlobalSection(SolutionProperties) = preSolution
		HideSolutionNode = FALSE
	EndGlobalSection
	GlobalSection(ExtensibilityGlobals) = postSolution
		SolutionGuid = {560C1921-43FF-4CC6-BF5F-9B127624A16A}
	EndGlobalSection
EndGlobal
